// !$*UTF8*$!
{
	archiveVersion = 1;
	classes = {
	};
	objectVersion = 56;
	objects = {

/* Begin PBXBuildFile section */
		C90DC9352A84CC6400241B7C /* AppDelegate.swift in Sources */ = {isa = PBXBuildFile; fileRef = C90DC9342A84CC6400241B7C /* AppDelegate.swift */; };
		C90DC9372A84CC6400241B7C /* SceneDelegate.swift in Sources */ = {isa = PBXBuildFile; fileRef = C90DC9362A84CC6400241B7C /* SceneDelegate.swift */; };
		C90DC9392A84CC6400241B7C /* ViewController.swift in Sources */ = {isa = PBXBuildFile; fileRef = C90DC9382A84CC6400241B7C /* ViewController.swift */; };
		C90DC93C2A84CC6400241B7C /* Main.storyboard in Resources */ = {isa = PBXBuildFile; fileRef = C90DC93A2A84CC6400241B7C /* Main.storyboard */; };
		C90DC93F2A84CC6400241B7C /* Rx_memo.xcdatamodeld in Sources */ = {isa = PBXBuildFile; fileRef = C90DC93D2A84CC6400241B7C /* Rx_memo.xcdatamodeld */; };
		C90DC9412A84CC6600241B7C /* Assets.xcassets in Resources */ = {isa = PBXBuildFile; fileRef = C90DC9402A84CC6600241B7C /* Assets.xcassets */; };
		C90DC9442A84CC6600241B7C /* LaunchScreen.storyboard in Resources */ = {isa = PBXBuildFile; fileRef = C90DC9422A84CC6600241B7C /* LaunchScreen.storyboard */; };
/* End PBXBuildFile section */

/* Begin PBXFileReference section */
		C90DC9312A84CC6400241B7C /* Rx-memo.app */ = {isa = PBXFileReference; explicitFileType = wrapper.application; includeInIndex = 0; path = "Rx-memo.app"; sourceTree = BUILT_PRODUCTS_DIR; };
		C90DC9342A84CC6400241B7C /* AppDelegate.swift */ = {isa = PBXFileReference; lastKnownFileType = sourcecode.swift; path = AppDelegate.swift; sourceTree = "<group>"; };
		C90DC9362A84CC6400241B7C /* SceneDelegate.swift */ = {isa = PBXFileReference; lastKnownFileType = sourcecode.swift; path = SceneDelegate.swift; sourceTree = "<group>"; };
		C90DC9382A84CC6400241B7C /* ViewController.swift */ = {isa = PBXFileReference; lastKnownFileType = sourcecode.swift; path = ViewController.swift; sourceTree = "<group>"; };
		C90DC93B2A84CC6400241B7C /* Base */ = {isa = PBXFileReference; lastKnownFileType = file.storyboard; name = Base; path = Base.lproj/Main.storyboard; sourceTree = "<group>"; };
		C90DC93E2A84CC6400241B7C /* Rx_memo.xcdatamodel */ = {isa = PBXFileReference; lastKnownFileType = wrapper.xcdatamodel; path = Rx_memo.xcdatamodel; sourceTree = "<group>"; };
		C90DC9402A84CC6600241B7C /* Assets.xcassets */ = {isa = PBXFileReference; lastKnownFileType = folder.assetcatalog; path = Assets.xcassets; sourceTree = "<group>"; };
		C90DC9432A84CC6600241B7C /* Base */ = {isa = PBXFileReference; lastKnownFileType = file.storyboard; name = Base; path = Base.lproj/LaunchScreen.storyboard; sourceTree = "<group>"; };
		C90DC9452A84CC6600241B7C /* Info.plist */ = {isa = PBXFileReference; lastKnownFileType = text.plist.xml; path = Info.plist; sourceTree = "<group>"; };
/* End PBXFileReference section */

/* Begin PBXFrameworksBuildPhase section */
		C90DC92E2A84CC6400241B7C /* Frameworks */ = {
			isa = PBXFrameworksBuildPhase;
			buildActionMask = 2147483647;
			files = (
			);
			runOnlyForDeploymentPostprocessing = 0;
		};
/* End PBXFrameworksBuildPhase section */

/* Begin PBXGroup section */
		C90DC9282A84CC6400241B7C = {
			isa = PBXGroup;
			children = (
				C90DC9332A84CC6400241B7C /* Rx-memo */,
				C90DC9322A84CC6400241B7C /* Products */,
			);
			sourceTree = "<group>";
		};
		C90DC9322A84CC6400241B7C /* Products */ = {
			isa = PBXGroup;
			children = (
				C90DC9312A84CC6400241B7C /* Rx-memo.app */,
			);
			name = Products;
			sourceTree = "<group>";
		};
		C90DC9332A84CC6400241B7C /* Rx-memo */ = {
			isa = PBXGroup;
			children = (
				C90DC9342A84CC6400241B7C /* AppDelegate.swift */,
				C90DC9362A84CC6400241B7C /* SceneDelegate.swift */,
				C90DC9382A84CC6400241B7C /* ViewController.swift */,
				C90DC93A2A84CC6400241B7C /* Main.storyboard */,
				C90DC9402A84CC6600241B7C /* Assets.xcassets */,
				C90DC9422A84CC6600241B7C /* LaunchScreen.storyboard */,
				C90DC9452A84CC6600241B7C /* Info.plist */,
				C90DC93D2A84CC6400241B7C /* Rx_memo.xcdatamodeld */,
			);
			path = "Rx-memo";
			sourceTree = "<group>";
		};
/* End PBXGroup section */

/* Begin PBXNativeTarget section */
		C90DC9302A84CC6400241B7C /* Rx-memo */ = {
			isa = PBXNativeTarget;
			buildConfigurationList = C90DC9482A84CC6600241B7C /* Build configuration list for PBXNativeTarget "Rx-memo" */;
			buildPhases = (
				C90DC92D2A84CC6400241B7C /* Sources */,
				C90DC92E2A84CC6400241B7C /* Frameworks */,
				C90DC92F2A84CC6400241B7C /* Resources */,
			);
			buildRules = (
			);
			dependencies = (
			);
			name = "Rx-memo";
			productName = "Rx-memo";
			productReference = C90DC9312A84CC6400241B7C /* Rx-memo.app */;
			productType = "com.apple.product-type.application";
		};
/* End PBXNativeTarget section */

/* Begin PBXProject section */
		C90DC9292A84CC6400241B7C /* Project object */ = {
			isa = PBXProject;
			attributes = {
				BuildIndependentTargetsInParallel = 1;
				LastSwiftUpdateCheck = 1430;
				LastUpgradeCheck = 1430;
				TargetAttributes = {
					C90DC9302A84CC6400241B7C = {
						CreatedOnToolsVersion = 14.3.1;
					};
				};
			};
			buildConfigurationList = C90DC92C2A84CC6400241B7C /* Build configuration list for PBXProject "Rx-memo" */;
			compatibilityVersion = "Xcode 14.0";
			developmentRegion = en;
			hasScannedForEncodings = 0;
			knownRegions = (
				en,
				Base,
			);
			mainGroup = C90DC9282A84CC6400241B7C;
			productRefGroup = C90DC9322A84CC6400241B7C /* Products */;
			projectDirPath = "";
			projectRoot = "";
			targets = (
				C90DC9302A84CC6400241B7C /* Rx-memo */,
			);
		};
/* End PBXProject section */

/* Begin PBXResourcesBuildPhase section */
		C90DC92F2A84CC6400241B7C /* Resources */ = {
			isa = PBXResourcesBuildPhase;
			buildActionMask = 2147483647;
			files = (
				C90DC9442A84CC6600241B7C /* LaunchScreen.storyboard in Resources */,
				C90DC9412A84CC6600241B7C /* Assets.xcassets in Resources */,
				C90DC93C2A84CC6400241B7C /* Main.storyboard in Resources */,
			);
			runOnlyForDeploymentPostprocessing = 0;
		};
/* End PBXResourcesBuildPhase section */

/* Begin PBXSourcesBuildPhase section */
		C90DC92D2A84CC6400241B7C /* Sources */ = {
			isa = PBXSourcesBuildPhase;
			buildActionMask = 2147483647;
			files = (
				C90DC9392A84CC6400241B7C /* ViewController.swift in Sources */,
				C90DC9352A84CC6400241B7C /* AppDelegate.swift in Sources */,
				C90DC9372A84CC6400241B7C /* SceneDelegate.swift in Sources */,
				C90DC93F2A84CC6400241B7C /* Rx_memo.xcdatamodeld in Sources */,
			);
			runOnlyForDeploymentPostprocessing = 0;
		};
/* End PBXSourcesBuildPhase section */

/* Begin PBXVariantGroup section */
		C90DC93A2A84CC6400241B7C /* Main.storyboard */ = {
			isa = PBXVariantGroup;
			children = (
				C90DC93B2A84CC6400241B7C /* Base */,
			);
			name = Main.storyboard;
			sourceTree = "<group>";
		};
		C90DC9422A84CC6600241B7C /* LaunchScreen.storyboard */ = {
			isa = PBXVariantGroup;
			children = (
				C90DC9432A84CC6600241B7C /* Base */,
			);
			name = LaunchScreen.storyboard;
			sourceTree = "<group>";
		};
/* End PBXVariantGroup section */

/* Begin XCBuildConfiguration section */
		C90DC9462A84CC6600241B7C /* Debug */ = {
			isa = XCBuildConfiguration;
			buildSettings = {
				ALWAYS_SEARCH_USER_PATHS = NO;
				CLANG_ANALYZER_NONNULL = YES;
				CLANG_ANALYZER_NUMBER_OBJECT_CONVERSION = YES_AGGRESSIVE;
				CLANG_CXX_LANGUAGE_STANDARD = "gnu++20";
				CLANG_ENABLE_MODULES = YES;
				CLANG_ENABLE_OBJC_ARC = YES;
				CLANG_ENABLE_OBJC_WEAK = YES;
				CLANG_WARN_BLOCK_CAPTURE_AUTORELEASING = YES;
				CLANG_WARN_BOOL_CONVERSION = YES;
				CLANG_WARN_COMMA = YES;
				CLANG_WARN_CONSTANT_CONVERSION = YES;
				CLANG_WARN_DEPRECATED_OBJC_IMPLEMENTATIONS = YES;
				CLANG_WARN_DIRECT_OBJC_ISA_USAGE = YES_ERROR;
				CLANG_WARN_DOCUMENTATION_COMMENTS = YES;
				CLANG_WARN_EMPTY_BODY = YES;
				CLANG_WARN_ENUM_CONVERSION = YES;
				CLANG_WARN_INFINITE_RECURSION = YES;
				CLANG_WARN_INT_CONVERSION = YES;
				CLANG_WARN_NON_LITERAL_NULL_CONVERSION = YES;
				CLANG_WARN_OBJC_IMPLICIT_RETAIN_SELF = YES;
				CLANG_WARN_OBJC_LITERAL_CONVERSION = YES;
				CLANG_WARN_OBJC_ROOT_CLASS = YES_ERROR;
				CLANG_WARN_QUOTED_INCLUDE_IN_FRAMEWORK_HEADER = YES;
				CLANG_WARN_RANGE_LOOP_ANALYSIS = YES;
				CLANG_WARN_STRICT_PROTOTYPES = YES;
				CLANG_WARN_SUSPICIOUS_MOVE = YES;
				CLANG_WARN_UNGUARDED_AVAILABILITY = YES_AGGRESSIVE;
				CLANG_WARN_UNREACHABLE_CODE = YES;
				CLANG_WARN__DUPLICATE_METHOD_MATCH = YES;
				COPY_PHASE_STRIP = NO;
				DEBUG_INFORMATION_FORMAT = dwarf;
				ENABLE_STRICT_OBJC_MSGSEND = YES;
				ENABLE_TESTABILITY = YES;
				GCC_C_LANGUAGE_STANDARD = gnu11;
				GCC_DYNAMIC_NO_PIC = NO;
				GCC_NO_COMMON_BLOCKS = YES;
				GCC_OPTIMIZATION_LEVEL = 0;
				GCC_PREPROCESSOR_DEFINITIONS = (
					"DEBUG=1",
					"$(inherited)",
				);
				GCC_WARN_64_TO_32_BIT_CONVERSION = YES;
				GCC_WARN_ABOUT_RETURN_TYPE = YES_ERROR;
				GCC_WARN_UNDECLARED_SELECTOR = YES;
				GCC_WARN_UNINITIALIZED_AUTOS = YES_AGGRESSIVE;
				GCC_WARN_UNUSED_FUNCTION = YES;
				GCC_WARN_UNUSED_VARIABLE = YES;
				IPHONEOS_DEPLOYMENT_TARGET = 16.4;
				MTL_ENABLE_DEBUG_INFO = INCLUDE_SOURCE;
				MTL_FAST_MATH = YES;
				ONLY_ACTIVE_ARCH = YES;
				SDKROOT = iphoneos;
				SWIFT_ACTIVE_COMPILATION_CONDITIONS = DEBUG;
				SWIFT_OPTIMIZATION_LEVEL = "-Onone";
			};
			name = Debug;
		};
		C90DC9472A84CC6600241B7C /* Release */ = {
			isa = XCBuildConfiguration;
			buildSettings = {
				ALWAYS_SEARCH_USER_PATHS = NO;
				CLANG_ANALYZER_NONNULL = YES;
				CLANG_ANALYZER_NUMBER_OBJECT_CONVERSION = YES_AGGRESSIVE;
				CLANG_CXX_LANGUAGE_STANDARD = "gnu++20";
				CLANG_ENABLE_MODULES = YES;
				CLANG_ENABLE_OBJC_ARC = YES;
				CLANG_ENABLE_OBJC_WEAK = YES;
				CLANG_WARN_BLOCK_CAPTURE_AUTORELEASING = YES;
				CLANG_WARN_BOOL_CONVERSION = YES;
				CLANG_WARN_COMMA = YES;
				CLANG_WARN_CONSTANT_CONVERSION = YES;
				CLANG_WARN_DEPRECATED_OBJC_IMPLEMENTATIONS = YES;
				CLANG_WARN_DIRECT_OBJC_ISA_USAGE = YES_ERROR;
				CLANG_WARN_DOCUMENTATION_COMMENTS = YES;
				CLANG_WARN_EMPTY_BODY = YES;
				CLANG_WARN_ENUM_CONVERSION = YES;
				CLANG_WARN_INFINITE_RECURSION = YES;
				CLANG_WARN_INT_CONVERSION = YES;
				CLANG_WARN_NON_LITERAL_NULL_CONVERSION = YES;
				CLANG_WARN_OBJC_IMPLICIT_RETAIN_SELF = YES;
				CLANG_WARN_OBJC_LITERAL_CONVERSION = YES;
				CLANG_WARN_OBJC_ROOT_CLASS = YES_ERROR;
				CLANG_WARN_QUOTED_INCLUDE_IN_FRAMEWORK_HEADER = YES;
				CLANG_WARN_RANGE_LOOP_ANALYSIS = YES;
				CLANG_WARN_STRICT_PROTOTYPES = YES;
				CLANG_WARN_SUSPICIOUS_MOVE = YES;
				CLANG_WARN_UNGUARDED_AVAILABILITY = YES_AGGRESSIVE;
				CLANG_WARN_UNREACHABLE_CODE = YES;
				CLANG_WARN__DUPLICATE_METHOD_MATCH = YES;
				COPY_PHASE_STRIP = NO;
				DEBUG_INFORMATION_FORMAT = "dwarf-with-dsym";
				ENABLE_NS_ASSERTIONS = NO;
				ENABLE_STRICT_OBJC_MSGSEND = YES;
				GCC_C_LANGUAGE_STANDARD = gnu11;
				GCC_NO_COMMON_BLOCKS = YES;
				GCC_WARN_64_TO_32_BIT_CONVERSION = YES;
				GCC_WARN_ABOUT_RETURN_TYPE = YES_ERROR;
				GCC_WARN_UNDECLARED_SELECTOR = YES;
				GCC_WARN_UNINITIALIZED_AUTOS = YES_AGGRESSIVE;
				GCC_WARN_UNUSED_FUNCTION = YES;
				GCC_WARN_UNUSED_VARIABLE = YES;
				IPHONEOS_DEPLOYMENT_TARGET = 16.4;
				MTL_ENABLE_DEBUG_INFO = NO;
				MTL_FAST_MATH = YES;
				SDKROOT = iphoneos;
				SWIFT_COMPILATION_MODE = wholemodule;
				SWIFT_OPTIMIZATION_LEVEL = "-O";
				VALIDATE_PRODUCT = YES;
			};
			name = Release;
		};
		C90DC9492A84CC6600241B7C /* Debug */ = {
			isa = XCBuildConfiguration;
			buildSettings = {
				ASSETCATALOG_COMPILER_APPICON_NAME = AppIcon;
				ASSETCATALOG_COMPILER_GLOBAL_ACCENT_COLOR_NAME = AccentColor;
				CODE_SIGN_STYLE = Automatic;
				CURRENT_PROJECT_VERSION = 1;
				DEVELOPMENT_TEAM = 5JQS3FU5R6;
				GENERATE_INFOPLIST_FILE = YES;
				INFOPLIST_FILE = "Rx-memo/Info.plist";
				INFOPLIST_KEY_UIApplicationSupportsIndirectInputEvents = YES;
				INFOPLIST_KEY_UILaunchStoryboardName = LaunchScreen;
				INFOPLIST_KEY_UIMainStoryboardFile = Main;
				INFOPLIST_KEY_UISupportedInterfaceOrientations_iPad = "UIInterfaceOrientationPortrait UIInterfaceOrientationPortraitUpsideDown UIInterfaceOrientationLandscapeLeft UIInterfaceOrientationLandscapeRight";
				INFOPLIST_KEY_UISupportedInterfaceOrientations_iPhone = "UIInterfaceOrientationPortrait UIInterfaceOrientationLandscapeLeft UIInterfaceOrientationLandscapeRight";
				IPHONEOS_DEPLOYMENT_TARGET = 11.0;
				LD_RUNPATH_SEARCH_PATHS = (
					"$(inherited)",
					"@executable_path/Frameworks",
				);
				MARKETING_VERSION = 1.0;
				PRODUCT_BUNDLE_IDENTIFIER = "com.parkjju.Rx-memo";
				PRODUCT_NAME = "$(TARGET_NAME)";
				SWIFT_EMIT_LOC_STRINGS = YES;
				SWIFT_VERSION = 5.0;
				TARGETED_DEVICE_FAMILY = "1,2";
			};
			name = Debug;
		};
		C90DC94A2A84CC6600241B7C /* Release */ = {
			isa = XCBuildConfiguration;
			buildSettings = {
				ASSETCATALOG_COMPILER_APPICON_NAME = AppIcon;
				ASSETCATALOG_COMPILER_GLOBAL_ACCENT_COLOR_NAME = AccentColor;
				CODE_SIGN_STYLE = Automatic;
				CURRENT_PROJECT_VERSION = 1;
				DEVELOPMENT_TEAM = 5JQS3FU5R6;
				GENERATE_INFOPLIST_FILE = YES;
				INFOPLIST_FILE = "Rx-memo/Info.plist";
				INFOPLIST_KEY_UIApplicationSupportsIndirectInputEvents = YES;
				INFOPLIST_KEY_UILaunchStoryboardName = LaunchScreen;
				INFOPLIST_KEY_UIMainStoryboardFile = Main;
				INFOPLIST_KEY_UISupportedInterfaceOrientations_iPad = "UIInterfaceOrientationPortrait UIInterfaceOrientationPortraitUpsideDown UIInterfaceOrientationLandscapeLeft UIInterfaceOrientationLandscapeRight";
				INFOPLIST_KEY_UISupportedInterfaceOrientations_iPhone = "UIInterfaceOrientationPortrait UIInterfaceOrientationLandscapeLeft UIInterfaceOrientationLandscapeRight";
				IPHONEOS_DEPLOYMENT_TARGET = 11.0;
				LD_RUNPATH_SEARCH_PATHS = (
					"$(inherited)",
					"@executable_path/Frameworks",
				);
				MARKETING_VERSION = 1.0;
				PRODUCT_BUNDLE_IDENTIFIER = "com.parkjju.Rx-memo";
				PRODUCT_NAME = "$(TARGET_NAME)";
				SWIFT_EMIT_LOC_STRINGS = YES;
				SWIFT_VERSION = 5.0;
				TARGETED_DEVICE_FAMILY = "1,2";
			};
			name = Release;
		};
/* End XCBuildConfiguration section */

/* Begin XCConfigurationList section */
		C90DC92C2A84CC6400241B7C /* Build configuration list for PBXProject "Rx-memo" */ = {
			isa = XCConfigurationList;
			buildConfigurations = (
				C90DC9462A84CC6600241B7C /* Debug */,
				C90DC9472A84CC6600241B7C /* Release */,
			);
			defaultConfigurationIsVisible = 0;
			defaultConfigurationName = Release;
		};
		C90DC9482A84CC6600241B7C /* Build configuration list for PBXNativeTarget "Rx-memo" */ = {
			isa = XCConfigurationList;
			buildConfigurations = (
				C90DC9492A84CC6600241B7C /* Debug */,
				C90DC94A2A84CC6600241B7C /* Release */,
			);
			defaultConfigurationIsVisible = 0;
			defaultConfigurationName = Release;
		};
/* End XCConfigurationList section */

/* Begin XCVersionGroup section */
		C90DC93D2A84CC6400241B7C /* Rx_memo.xcdatamodeld */ = {
			isa = XCVersionGroup;
			children = (
				C90DC93E2A84CC6400241B7C /* Rx_memo.xcdatamodel */,
			);
			currentVersion = C90DC93E2A84CC6400241B7C /* Rx_memo.xcdatamodel */;
			path = Rx_memo.xcdatamodeld;
			sourceTree = "<group>";
			versionGroupType = wrapper.xcdatamodel;
		};
/* End XCVersionGroup section */
	};
	rootObject = C90DC9292A84CC6400241B7C /* Project object */;
}
